
Microsoft Visual Studio Solution File, Format Version 12.00
# Visual Studio Version 17
VisualStudioVersion = 17.14.36518.9 d17.14
MinimumVisualStudioVersion = 10.0.40219.1
Project("{FAE04EC0-301F-11D3-BF4B-00C04F79EFBC}") = "proyecto integrador", "proyecto integrador.csproj", "{0338BC21-047C-48EC-9165-C200A891A8C9}"
EndProject
Global
	GlobalSection(SolutionConfigurationPlatforms) = preSolution
		Debug|Any CPU = Debug|Any CPU
		Release|Any CPU = Release|Any CPU
	EndGlobalSection
	GlobalSection(ProjectConfigurationPlatforms) = postSolution
		{0338BC21-047C-48EC-9165-C200A891A8C9}.Debug|Any CPU.ActiveCfg = Debug|Any CPU
		{0338BC21-047C-48EC-9165-C200A891A8C9}.Debug|Any CPU.Build.0 = Debug|Any CPU
		{0338BC21-047C-48EC-9165-C200A891A8C9}.Release|Any CPU.ActiveCfg = Release|Any CPU
		{0338BC21-047C-48EC-9165-C200A891A8C9}.Release|Any CPU.Build.0 = Release|Any CPU
	EndGlobalSection
	GlobalSection(SolutionProperties) = preSolution
		HideSolutionNode = FALSE
	EndGlobalSection
	GlobalSection(ExtensibilityGlobals) = postSolution
		SolutionGuid = {0A2996A0-56C2-4DFF-B2D5-8318A420FC58}
	EndGlobalSection
EndGlobal
